{
  "name": "serverless-monitoring-netlify",
  "version": "1.0.0",
  "lockfileVersion": 3,
  "requires": true,
  "packages": {
    "": {
      "name": "serverless-monitoring-netlify",
      "version": "1.0.0",
      "license": "MIT",
      "dependencies": {
        "@sentry/node": "^7.100.1"
      }
    },
    "node_modules/@sentry-internal/tracing": {
      "version": "7.100.1",
      "resolved": "https://registry.npmjs.org/@sentry-internal/tracing/-/tracing-7.100.1.tgz",
      "integrity": "sha512-+u9RRf5eL3StiyiRyAHZmdkAR7GTSGx4Mt4Lmi5NEtCcWlTGZ1QgW2r8ZbhouVmTiJkjhQgYCyej3cojtazeJg==",
      "dependencies": {
        "@sentry/core": "7.100.1",
        "@sentry/types": "7.100.1",
        "@sentry/utils": "7.100.1"
      },
      "engines": {
        "node": ">=8"
      }
    },
    "node_modules/@sentry/core": {
      "version": "7.100.1",
      "resolved": "https://registry.npmjs.org/@sentry/core/-/core-7.100.1.tgz",
      "integrity": "sha512-f+ItUge/o9AjlveQq0ZUbQauKlPH1FIJbC1TRaYLJ4KNfOdrsh8yZ29RmWv0cFJ/e+FGTr603gWpRPObF5rM8Q==",
      "dependencies": {
        "@sentry/types": "7.100.1",
        "@sentry/utils": "7.100.1"
      },
      "engines": {
        "node": ">=8"
      }
    },
    "node_modules/@sentry/node": {
      "version": "7.100.1",
      "resolved": "https://registry.npmjs.org/@sentry/node/-/node-7.100.1.tgz",
      "integrity": "sha512-jB6tBLr7BpgdE2SlYZu343vvpa5jMFnqyFlprr+jdDu/ayNF4idB0qFwQe8p4C6LI6M/MNDRLVOgPBiCjjZSpw==",
      "dependencies": {
        "@sentry-internal/tracing": "7.100.1",
        "@sentry/core": "7.100.1",
        "@sentry/types": "7.100.1",
        "@sentry/utils": "7.100.1"
      },
      "engines": {
        "node": ">=8"
      }
    },
    "node_modules/@sentry/types": {
      "version": "7.100.1",
      "resolved": "https://registry.npmjs.org/@sentry/types/-/types-7.100.1.tgz",
      "integrity": "sha512-fLM+LedHuKzOd8IhXBqaQuym+AA519MGjeczBa5kGakes/BbAsUMwsNfjsKQedp7Kh44RgYF99jwoRPK2oDrXw==",
      "engines": {
        "node": ">=8"
      }
    },
    "node_modules/@sentry/utils": {
      "version": "7.100.1",
      "resolved": "https://registry.npmjs.org/@sentry/utils/-/utils-7.100.1.tgz",
      "integrity": "sha512-Ve6dXr1o6xiBe3VCoJgiutmBKrugryI65EZAbYto5XI+t+PjiLLf9wXtEMF24ZrwImo4Lv3E9Uqza+fWkEbw6A==",
      "dependencies": {
        "@sentry/types": "7.100.1"
      },
      "engines": {
        "node": ">=8"
      }
    }
  }
}
